
Microsoft Visual Studio Solution File, Format Version 12.00
# Visual Studio 15
VisualStudioVersion = 15.0.27703.2042
MinimumVisualStudioVersion = 10.0.40219.1
Project("{8BC9CEB8-8B4A-11D0-8D11-00A0C91BC942}") = "yatools.aafile", "project\yatools.aafile\yatools.aafile.vcxproj", "{6F6ADBB8-95E2-4CBE-9815-BF5F28574143}"
EndProject
Project("{8BC9CEB8-8B4A-11D0-8D11-00A0C91BC942}") = "yatools.mlt2html", "project\yatools.mlt2html\yatools.mlt2html.vcxproj", "{9815AC40-93F6-445D-9C78-688B76C5E2A7}"
	ProjectSection(ProjectDependencies) = postProject
		{6F6ADBB8-95E2-4CBE-9815-BF5F28574143} = {6F6ADBB8-95E2-4CBE-9815-BF5F28574143}
	EndProjectSection
EndProject
Project("{8BC9CEB8-8B4A-11D0-8D11-00A0C91BC942}") = "yatools.libm2h", "project\yatools.libm2h\yatools.libm2h.vcxproj", "{9AFAFB20-C047-4B56-A7E6-6513BE1E8DD9}"
	ProjectSection(ProjectDependencies) = postProject
		{6F6ADBB8-95E2-4CBE-9815-BF5F28574143} = {6F6ADBB8-95E2-4CBE-9815-BF5F28574143}
	EndProjectSection
EndProject
Project("{8BC9CEB8-8B4A-11D0-8D11-00A0C91BC942}") = "yatools.lib.image", "yatools.lib\project\yatools.lib.image\yatools.lib.image.vcxproj", "{8173F4A9-0435-4B24-997B-49EBFD66530F}"
EndProject
Project("{8BC9CEB8-8B4A-11D0-8D11-00A0C91BC942}") = "yatools.lib.image.file", "yatools.lib\project\yatools.lib.image.file\yatools.lib.image.file.vcxproj", "{EE25AD10-7D76-4F18-BC77-19C857B74E27}"
	ProjectSection(ProjectDependencies) = postProject
		{8173F4A9-0435-4B24-997B-49EBFD66530F} = {8173F4A9-0435-4B24-997B-49EBFD66530F}
	EndProjectSection
EndProject
Project("{8BC9CEB8-8B4A-11D0-8D11-00A0C91BC942}") = "yatools.mlt2png", "project\yatools.mlt2png\yatools.mlt2png.vcxproj", "{50884BC4-DF7B-48B4-86CB-18844AF2B2E4}"
	ProjectSection(ProjectDependencies) = postProject
		{EE25AD10-7D76-4F18-BC77-19C857B74E27} = {EE25AD10-7D76-4F18-BC77-19C857B74E27}
		{8173F4A9-0435-4B24-997B-49EBFD66530F} = {8173F4A9-0435-4B24-997B-49EBFD66530F}
		{6F6ADBB8-95E2-4CBE-9815-BF5F28574143} = {6F6ADBB8-95E2-4CBE-9815-BF5F28574143}
	EndProjectSection
EndProject
Global
	GlobalSection(SolutionConfigurationPlatforms) = preSolution
		Debug Library|x64 = Debug Library|x64
		Debug Library|x86 = Debug Library|x86
		Debug|x64 = Debug|x64
		Debug|x86 = Debug|x86
		Release Library|x64 = Release Library|x64
		Release Library|x86 = Release Library|x86
		Release|x64 = Release|x64
		Release|x86 = Release|x86
	EndGlobalSection
	GlobalSection(ProjectConfigurationPlatforms) = postSolution
		{6F6ADBB8-95E2-4CBE-9815-BF5F28574143}.Debug Library|x64.ActiveCfg = Debug|x64
		{6F6ADBB8-95E2-4CBE-9815-BF5F28574143}.Debug Library|x64.Build.0 = Debug|x64
		{6F6ADBB8-95E2-4CBE-9815-BF5F28574143}.Debug Library|x86.ActiveCfg = Debug|Win32
		{6F6ADBB8-95E2-4CBE-9815-BF5F28574143}.Debug Library|x86.Build.0 = Debug|Win32
		{6F6ADBB8-95E2-4CBE-9815-BF5F28574143}.Debug|x64.ActiveCfg = Debug|x64
		{6F6ADBB8-95E2-4CBE-9815-BF5F28574143}.Debug|x64.Build.0 = Debug|x64
		{6F6ADBB8-95E2-4CBE-9815-BF5F28574143}.Debug|x86.ActiveCfg = Debug|Win32
		{6F6ADBB8-95E2-4CBE-9815-BF5F28574143}.Debug|x86.Build.0 = Debug|Win32
		{6F6ADBB8-95E2-4CBE-9815-BF5F28574143}.Release Library|x64.ActiveCfg = Release|x64
		{6F6ADBB8-95E2-4CBE-9815-BF5F28574143}.Release Library|x64.Build.0 = Release|x64
		{6F6ADBB8-95E2-4CBE-9815-BF5F28574143}.Release Library|x86.ActiveCfg = Release|Win32
		{6F6ADBB8-95E2-4CBE-9815-BF5F28574143}.Release Library|x86.Build.0 = Release|Win32
		{6F6ADBB8-95E2-4CBE-9815-BF5F28574143}.Release|x64.ActiveCfg = Release|x64
		{6F6ADBB8-95E2-4CBE-9815-BF5F28574143}.Release|x64.Build.0 = Release|x64
		{6F6ADBB8-95E2-4CBE-9815-BF5F28574143}.Release|x86.ActiveCfg = Release|Win32
		{6F6ADBB8-95E2-4CBE-9815-BF5F28574143}.Release|x86.Build.0 = Release|Win32
		{9815AC40-93F6-445D-9C78-688B76C5E2A7}.Debug Library|x64.ActiveCfg = Debug|x64
		{9815AC40-93F6-445D-9C78-688B76C5E2A7}.Debug Library|x64.Build.0 = Debug|x64
		{9815AC40-93F6-445D-9C78-688B76C5E2A7}.Debug Library|x86.ActiveCfg = Debug|Win32
		{9815AC40-93F6-445D-9C78-688B76C5E2A7}.Debug Library|x86.Build.0 = Debug|Win32
		{9815AC40-93F6-445D-9C78-688B76C5E2A7}.Debug|x64.ActiveCfg = Debug|x64
		{9815AC40-93F6-445D-9C78-688B76C5E2A7}.Debug|x64.Build.0 = Debug|x64
		{9815AC40-93F6-445D-9C78-688B76C5E2A7}.Debug|x86.ActiveCfg = Debug|Win32
		{9815AC40-93F6-445D-9C78-688B76C5E2A7}.Debug|x86.Build.0 = Debug|Win32
		{9815AC40-93F6-445D-9C78-688B76C5E2A7}.Release Library|x64.ActiveCfg = Release|x64
		{9815AC40-93F6-445D-9C78-688B76C5E2A7}.Release Library|x64.Build.0 = Release|x64
		{9815AC40-93F6-445D-9C78-688B76C5E2A7}.Release Library|x86.ActiveCfg = Release|Win32
		{9815AC40-93F6-445D-9C78-688B76C5E2A7}.Release Library|x86.Build.0 = Release|Win32
		{9815AC40-93F6-445D-9C78-688B76C5E2A7}.Release|x64.ActiveCfg = Release|x64
		{9815AC40-93F6-445D-9C78-688B76C5E2A7}.Release|x64.Build.0 = Release|x64
		{9815AC40-93F6-445D-9C78-688B76C5E2A7}.Release|x86.ActiveCfg = Release|Win32
		{9815AC40-93F6-445D-9C78-688B76C5E2A7}.Release|x86.Build.0 = Release|Win32
		{9AFAFB20-C047-4B56-A7E6-6513BE1E8DD9}.Debug Library|x64.ActiveCfg = Debug|x64
		{9AFAFB20-C047-4B56-A7E6-6513BE1E8DD9}.Debug Library|x64.Build.0 = Debug|x64
		{9AFAFB20-C047-4B56-A7E6-6513BE1E8DD9}.Debug Library|x86.ActiveCfg = Debug|Win32
		{9AFAFB20-C047-4B56-A7E6-6513BE1E8DD9}.Debug Library|x86.Build.0 = Debug|Win32
		{9AFAFB20-C047-4B56-A7E6-6513BE1E8DD9}.Debug|x64.ActiveCfg = Debug|x64
		{9AFAFB20-C047-4B56-A7E6-6513BE1E8DD9}.Debug|x64.Build.0 = Debug|x64
		{9AFAFB20-C047-4B56-A7E6-6513BE1E8DD9}.Debug|x86.ActiveCfg = Debug|Win32
		{9AFAFB20-C047-4B56-A7E6-6513BE1E8DD9}.Debug|x86.Build.0 = Debug|Win32
		{9AFAFB20-C047-4B56-A7E6-6513BE1E8DD9}.Release Library|x64.ActiveCfg = Release|x64
		{9AFAFB20-C047-4B56-A7E6-6513BE1E8DD9}.Release Library|x64.Build.0 = Release|x64
		{9AFAFB20-C047-4B56-A7E6-6513BE1E8DD9}.Release Library|x86.ActiveCfg = Release|Win32
		{9AFAFB20-C047-4B56-A7E6-6513BE1E8DD9}.Release Library|x86.Build.0 = Release|Win32
		{9AFAFB20-C047-4B56-A7E6-6513BE1E8DD9}.Release|x64.ActiveCfg = Release|x64
		{9AFAFB20-C047-4B56-A7E6-6513BE1E8DD9}.Release|x64.Build.0 = Release|x64
		{9AFAFB20-C047-4B56-A7E6-6513BE1E8DD9}.Release|x86.ActiveCfg = Release|Win32
		{9AFAFB20-C047-4B56-A7E6-6513BE1E8DD9}.Release|x86.Build.0 = Release|Win32
		{8173F4A9-0435-4B24-997B-49EBFD66530F}.Debug Library|x64.ActiveCfg = Debug Library|x64
		{8173F4A9-0435-4B24-997B-49EBFD66530F}.Debug Library|x64.Build.0 = Debug Library|x64
		{8173F4A9-0435-4B24-997B-49EBFD66530F}.Debug Library|x86.ActiveCfg = Debug Library|Win32
		{8173F4A9-0435-4B24-997B-49EBFD66530F}.Debug Library|x86.Build.0 = Debug Library|Win32
		{8173F4A9-0435-4B24-997B-49EBFD66530F}.Debug|x64.ActiveCfg = Debug|x64
		{8173F4A9-0435-4B24-997B-49EBFD66530F}.Debug|x64.Build.0 = Debug|x64
		{8173F4A9-0435-4B24-997B-49EBFD66530F}.Debug|x86.ActiveCfg = Debug|Win32
		{8173F4A9-0435-4B24-997B-49EBFD66530F}.Debug|x86.Build.0 = Debug|Win32
		{8173F4A9-0435-4B24-997B-49EBFD66530F}.Release Library|x64.ActiveCfg = Release Library|x64
		{8173F4A9-0435-4B24-997B-49EBFD66530F}.Release Library|x64.Build.0 = Release Library|x64
		{8173F4A9-0435-4B24-997B-49EBFD66530F}.Release Library|x86.ActiveCfg = Release Library|Win32
		{8173F4A9-0435-4B24-997B-49EBFD66530F}.Release Library|x86.Build.0 = Release Library|Win32
		{8173F4A9-0435-4B24-997B-49EBFD66530F}.Release|x64.ActiveCfg = Release|x64
		{8173F4A9-0435-4B24-997B-49EBFD66530F}.Release|x64.Build.0 = Release|x64
		{8173F4A9-0435-4B24-997B-49EBFD66530F}.Release|x86.ActiveCfg = Release|Win32
		{8173F4A9-0435-4B24-997B-49EBFD66530F}.Release|x86.Build.0 = Release|Win32
		{EE25AD10-7D76-4F18-BC77-19C857B74E27}.Debug Library|x64.ActiveCfg = Debug Library|x64
		{EE25AD10-7D76-4F18-BC77-19C857B74E27}.Debug Library|x64.Build.0 = Debug Library|x64
		{EE25AD10-7D76-4F18-BC77-19C857B74E27}.Debug Library|x86.ActiveCfg = Debug Library|Win32
		{EE25AD10-7D76-4F18-BC77-19C857B74E27}.Debug Library|x86.Build.0 = Debug Library|Win32
		{EE25AD10-7D76-4F18-BC77-19C857B74E27}.Debug|x64.ActiveCfg = Debug|x64
		{EE25AD10-7D76-4F18-BC77-19C857B74E27}.Debug|x64.Build.0 = Debug|x64
		{EE25AD10-7D76-4F18-BC77-19C857B74E27}.Debug|x86.ActiveCfg = Debug|Win32
		{EE25AD10-7D76-4F18-BC77-19C857B74E27}.Debug|x86.Build.0 = Debug|Win32
		{EE25AD10-7D76-4F18-BC77-19C857B74E27}.Release Library|x64.ActiveCfg = Release Library|x64
		{EE25AD10-7D76-4F18-BC77-19C857B74E27}.Release Library|x64.Build.0 = Release Library|x64
		{EE25AD10-7D76-4F18-BC77-19C857B74E27}.Release Library|x86.ActiveCfg = Release Library|Win32
		{EE25AD10-7D76-4F18-BC77-19C857B74E27}.Release Library|x86.Build.0 = Release Library|Win32
		{EE25AD10-7D76-4F18-BC77-19C857B74E27}.Release|x64.ActiveCfg = Release|x64
		{EE25AD10-7D76-4F18-BC77-19C857B74E27}.Release|x64.Build.0 = Release|x64
		{EE25AD10-7D76-4F18-BC77-19C857B74E27}.Release|x86.ActiveCfg = Release|Win32
		{EE25AD10-7D76-4F18-BC77-19C857B74E27}.Release|x86.Build.0 = Release|Win32
		{50884BC4-DF7B-48B4-86CB-18844AF2B2E4}.Debug Library|x64.ActiveCfg = Debug|x64
		{50884BC4-DF7B-48B4-86CB-18844AF2B2E4}.Debug Library|x64.Build.0 = Debug|x64
		{50884BC4-DF7B-48B4-86CB-18844AF2B2E4}.Debug Library|x86.ActiveCfg = Debug|Win32
		{50884BC4-DF7B-48B4-86CB-18844AF2B2E4}.Debug Library|x86.Build.0 = Debug|Win32
		{50884BC4-DF7B-48B4-86CB-18844AF2B2E4}.Debug|x64.ActiveCfg = Debug|x64
		{50884BC4-DF7B-48B4-86CB-18844AF2B2E4}.Debug|x64.Build.0 = Debug|x64
		{50884BC4-DF7B-48B4-86CB-18844AF2B2E4}.Debug|x86.ActiveCfg = Debug|Win32
		{50884BC4-DF7B-48B4-86CB-18844AF2B2E4}.Debug|x86.Build.0 = Debug|Win32
		{50884BC4-DF7B-48B4-86CB-18844AF2B2E4}.Release Library|x64.ActiveCfg = Release|x64
		{50884BC4-DF7B-48B4-86CB-18844AF2B2E4}.Release Library|x64.Build.0 = Release|x64
		{50884BC4-DF7B-48B4-86CB-18844AF2B2E4}.Release Library|x86.ActiveCfg = Release|Win32
		{50884BC4-DF7B-48B4-86CB-18844AF2B2E4}.Release Library|x86.Build.0 = Release|Win32
		{50884BC4-DF7B-48B4-86CB-18844AF2B2E4}.Release|x64.ActiveCfg = Release|x64
		{50884BC4-DF7B-48B4-86CB-18844AF2B2E4}.Release|x64.Build.0 = Release|x64
		{50884BC4-DF7B-48B4-86CB-18844AF2B2E4}.Release|x86.ActiveCfg = Release|Win32
		{50884BC4-DF7B-48B4-86CB-18844AF2B2E4}.Release|x86.Build.0 = Release|Win32
	EndGlobalSection
	GlobalSection(SolutionProperties) = preSolution
		HideSolutionNode = FALSE
	EndGlobalSection
	GlobalSection(ExtensibilityGlobals) = postSolution
		SolutionGuid = {C384FCC6-1920-4695-B7AD-10978CC4E1E5}
	EndGlobalSection
EndGlobal
